{
  "name": "core-builds",
  "version": "2.87.0",
  "lockfileVersion": 3,
  "requires": true,
  "packages": {
    "": {
      "name": "core-builds",
      "version": "2.87.0",
      "bundleDependencies": [
        "@core-builds/core"
      ],
      "license": "MIT",
      "dependencies": {
        "@core-builds/core": "file:../packages/core"
      },
      "bin": {
        "core-builds": "index.js"
      },
      "engines": {
        "node": ">=20"
      }
    },
    "../packages/core": {
      "name": "@core-builds/core",
      "version": "2.87.0",
      "license": "UNLICENSED",
      "engines": {
        "node": ">=20"
      }
    },
    "node_modules/@core-builds/core": {
      "resolved": "../packages/core",
      "link": true
    }
  }
}
